
Microsoft Visual Studio Solution File, Format Version 12.00
# Visual Studio 15
Project("{FAE04EC0-301F-11D3-BF4B-00C04F79EFBC}") = "HandlingExceptions", "HandlingExceptions\HandlingExceptions.csproj", "{7AA8FB6F-3636-4360-8733-EC86C64C956E}"
EndProject
Global
	GlobalSection(SolutionConfigurationPlatforms) = preSolution
		Debug|Any CPU = Debug|Any CPU
		Release|Any CPU = Release|Any CPU
	EndGlobalSection
	GlobalSection(ProjectConfigurationPlatforms) = postSolution
		{7AA8FB6F-3636-4360-8733-EC86C64C956E}.Debug|Any CPU.ActiveCfg = Debug|Any CPU
		{7AA8FB6F-3636-4360-8733-EC86C64C956E}.Debug|Any CPU.Build.0 = Debug|Any CPU
		{7AA8FB6F-3636-4360-8733-EC86C64C956E}.Release|Any CPU.ActiveCfg = Release|Any CPU
		{7AA8FB6F-3636-4360-8733-EC86C64C956E}.Release|Any CPU.Build.0 = Release|Any CPU
	EndGlobalSection
EndGlobal
