
Microsoft Visual Studio Solution File, Format Version 12.00
# Visual Studio 15
Project("{FAE04EC0-301F-11D3-BF4B-00C04F79EFBC}") = "HelperMethods", "HelperMethods\HelperMethods.csproj", "{588E5E5D-A32F-4B77-AD46-72E1F75857ED}"
EndProject
Global
	GlobalSection(SolutionConfigurationPlatforms) = preSolution
		Debug|Any CPU = Debug|Any CPU
		Release|Any CPU = Release|Any CPU
	EndGlobalSection
	GlobalSection(ProjectConfigurationPlatforms) = postSolution
		{588E5E5D-A32F-4B77-AD46-72E1F75857ED}.Debug|Any CPU.ActiveCfg = Debug|Any CPU
		{588E5E5D-A32F-4B77-AD46-72E1F75857ED}.Debug|Any CPU.Build.0 = Debug|Any CPU
		{588E5E5D-A32F-4B77-AD46-72E1F75857ED}.Release|Any CPU.ActiveCfg = Release|Any CPU
		{588E5E5D-A32F-4B77-AD46-72E1F75857ED}.Release|Any CPU.Build.0 = Release|Any CPU
	EndGlobalSection
EndGlobal
