
Microsoft Visual Studio Solution File, Format Version 12.00
# Visual Studio 15
Project("{FAE04EC0-301F-11D3-BF4B-00C04F79EFBC}") = "DatesAndTimes", "DatesAndTimes\DatesAndTimes.csproj", "{B036E02C-E5CF-4727-BBB2-E9EC85A224D3}"
EndProject
Global
	GlobalSection(SolutionConfigurationPlatforms) = preSolution
		Debug|Any CPU = Debug|Any CPU
		Release|Any CPU = Release|Any CPU
	EndGlobalSection
	GlobalSection(ProjectConfigurationPlatforms) = postSolution
		{B036E02C-E5CF-4727-BBB2-E9EC85A224D3}.Debug|Any CPU.ActiveCfg = Debug|Any CPU
		{B036E02C-E5CF-4727-BBB2-E9EC85A224D3}.Debug|Any CPU.Build.0 = Debug|Any CPU
		{B036E02C-E5CF-4727-BBB2-E9EC85A224D3}.Release|Any CPU.ActiveCfg = Release|Any CPU
		{B036E02C-E5CF-4727-BBB2-E9EC85A224D3}.Release|Any CPU.Build.0 = Release|Any CPU
	EndGlobalSection
EndGlobal
