
Microsoft Visual Studio Solution File, Format Version 12.00
# Visual Studio 15
Project("{FAE04EC0-301F-11D3-BF4B-00C04F79EFBC}") = "ConsoleApplication2", "ConsoleApplication2\ConsoleApplication2.csproj", "{D24EA55A-FE2C-44D8-9C71-ECAFBAE96B55}"
EndProject
Global
	GlobalSection(SolutionConfigurationPlatforms) = preSolution
		Debug|Any CPU = Debug|Any CPU
		Release|Any CPU = Release|Any CPU
	EndGlobalSection
	GlobalSection(ProjectConfigurationPlatforms) = postSolution
		{D24EA55A-FE2C-44D8-9C71-ECAFBAE96B55}.Debug|Any CPU.ActiveCfg = Debug|Any CPU
		{D24EA55A-FE2C-44D8-9C71-ECAFBAE96B55}.Debug|Any CPU.Build.0 = Debug|Any CPU
		{D24EA55A-FE2C-44D8-9C71-ECAFBAE96B55}.Release|Any CPU.ActiveCfg = Release|Any CPU
		{D24EA55A-FE2C-44D8-9C71-ECAFBAE96B55}.Release|Any CPU.Build.0 = Release|Any CPU
	EndGlobalSection
EndGlobal
